
Microsoft Visual Studio Solution File, Format Version 12.00
# Visual Studio Version 16
VisualStudioVersion = 16.0.30621.155
MinimumVisualStudioVersion = 10.0.40219.1
Project("{FAE04EC0-301F-11D3-BF4B-00C04F79EFBC}") = "Time Series Search Engine", "WebApplication1\Time Series Search Engine.csproj", "{D5127172-BF45-4FEB-996E-D4840A68BF0E}"
EndProject
Global
	GlobalSection(SolutionConfigurationPlatforms) = preSolution
		Debug|Any CPU = Debug|Any CPU
		Release|Any CPU = Release|Any CPU
	EndGlobalSection
	GlobalSection(ProjectConfigurationPlatforms) = postSolution
		{D5127172-BF45-4FEB-996E-D4840A68BF0E}.Debug|Any CPU.ActiveCfg = Debug|Any CPU
		{D5127172-BF45-4FEB-996E-D4840A68BF0E}.Debug|Any CPU.Build.0 = Debug|Any CPU
		{D5127172-BF45-4FEB-996E-D4840A68BF0E}.Release|Any CPU.ActiveCfg = Release|Any CPU
		{D5127172-BF45-4FEB-996E-D4840A68BF0E}.Release|Any CPU.Build.0 = Release|Any CPU
	EndGlobalSection
	GlobalSection(SolutionProperties) = preSolution
		HideSolutionNode = FALSE
	EndGlobalSection
	GlobalSection(ExtensibilityGlobals) = postSolution
		SolutionGuid = {70A4E2E7-1FB3-47E5-8FCA-31D8AE36FA12}
	EndGlobalSection
EndGlobal
